// !$*UTF8*$!
{
	archiveVersion = 1;
	classes = {
	};
	objectVersion = 56;
	objects = {

/* Begin PBXBuildFile section */
		017492BBD2A48BCCF154032A /* Sources/WGSplitApp/DaemonInstaller.swift in Sources */ = {isa = PBXBuildFile; fileRef = FB0FCF75137FADC3F0F872E8 /* Sources/WGSplitApp/DaemonInstaller.swift */; };
		02FB6085E4B627BC002F54B2 /* Sources/WGSplitKit/ControlProtocol.swift in Sources */ = {isa = PBXBuildFile; fileRef = 8167AFCA812DDC8456E09917 /* Sources/WGSplitKit/ControlProtocol.swift */; };
		04B1BAD33DF29791B80B43CD /* Sources/WGSplitKit/UnixSocket.swift in Sources */ = {isa = PBXBuildFile; fileRef = C749228A2381D39CA6EBC254 /* Sources/WGSplitKit/UnixSocket.swift */; };
		28C0707241B7947EB635530D /* Sources/WGSplitKit/TunnelTraffic.swift in Sources */ = {isa = PBXBuildFile; fileRef = BD9D33F2BB744675A898294F /* Sources/WGSplitKit/TunnelTraffic.swift */; };
		2E03A13BFA2F63C70449BE03 /* Sources/WGSplitApp/SettingsView.swift in Sources */ = {isa = PBXBuildFile; fileRef = 95484BD9FFFED471A0B44D88 /* Sources/WGSplitApp/SettingsView.swift */; };
		31BD9D9CDC334BBD6E3471D5 /* Scripts/install-daemon.sh in Resources */ = {isa = PBXBuildFile; fileRef = A84E4FAF382D61847C0D3963 /* Scripts/install-daemon.sh */; };
		3860883096B0CF9AF9E883E8 /* Sources/WGSplitKit/ConfigGenerator.swift in Sources */ = {isa = PBXBuildFile; fileRef = C14193DFD185ECE03DFE1EF8 /* Sources/WGSplitKit/ConfigGenerator.swift */; };
		3A261B06C50D0B862869395F /* Sources/WGSplitKit/Health.swift in Sources */ = {isa = PBXBuildFile; fileRef = 255EF0FF9E7BD30D67ABE121 /* Sources/WGSplitKit/Health.swift */; };
		41DE263DAB53BD3FA3BA03B5 /* Sources/WGSplitKit/ControlClient.swift in Sources */ = {isa = PBXBuildFile; fileRef = 969E728FC8ED0F223FA5B2EB /* Sources/WGSplitKit/ControlClient.swift */; };
		5A9A5E0A1AA8BFF2B0289F0E /* Sources/WGSplitKit/ZipReader.swift in Sources */ = {isa = PBXBuildFile; fileRef = 675EF739410071020D8C1958 /* Sources/WGSplitKit/ZipReader.swift */; };
		5EA14BF7D99805AC874B9BBA /* Sources/WGSplitKit/TunnelImporter.swift in Sources */ = {isa = PBXBuildFile; fileRef = C2833E8380EE87434469F770 /* Sources/WGSplitKit/TunnelImporter.swift */; };
		64068FC0AD596D6CE68E7BCB /* Sources/WGSplitApp/LoginItem.swift in Sources */ = {isa = PBXBuildFile; fileRef = 7414624399E8D8C84ED8FF4C /* Sources/WGSplitApp/LoginItem.swift */; };
		64B692C9C63585DC30324CEF /* Scripts/co.niteo.wgsplit.plist in Resources */ = {isa = PBXBuildFile; fileRef = 0988E0B68FE2A1E7EBE222FA /* Scripts/co.niteo.wgsplit.plist */; };
		686010B3C230CECFD7213BCA /* Sources/WGSplitKit/ProcessRunner.swift in Sources */ = {isa = PBXBuildFile; fileRef = 9C14B40039F93978AD4BE7F0 /* Sources/WGSplitKit/ProcessRunner.swift */; };
		705E8441925ED71C13DFECDF /* libWGSplitKit.a in Frameworks */ = {isa = PBXBuildFile; fileRef = 8669B0D84834957DEA449E03 /* libWGSplitKit.a */; };
		70ACDE933AF4B3CDC48F628A /* Sources/WGSplitApp/SelfUpdater.swift in Sources */ = {isa = PBXBuildFile; fileRef = BBDFA4586FC274FDA3D06515 /* Sources/WGSplitApp/SelfUpdater.swift */; };
		87157F6B91C52C94795470D4 /* wgsplitd in Embed Daemon */ = {isa = PBXBuildFile; fileRef = 49355010A52A4C62E8A815C0 /* wgsplitd */; };
		88AC2901B80C3851DC56D21F /* Sources/WGSplitKit/Supervisor.swift in Sources */ = {isa = PBXBuildFile; fileRef = C3D4652D05EEA2E98247EC4F /* Sources/WGSplitKit/Supervisor.swift */; };
		9DBDD6B471C2805D675DA34D /* Resources/Assets.xcassets in Resources */ = {isa = PBXBuildFile; fileRef = 4545F5318A0046043187F2EB /* Resources/Assets.xcassets */; };
		AA52CE4F352003225D15303F /* Sources/WGSplitApp/WGSplitApp.swift in Sources */ = {isa = PBXBuildFile; fileRef = 9575E6C0AD7EFFA46ECB5DB4 /* Sources/WGSplitApp/WGSplitApp.swift */; };
		ACC5CA0702684643CD65AB82 /* Sources/WGSplitApp/AppModel.swift in Sources */ = {isa = PBXBuildFile; fileRef = 3A5D7F2B450022A3C8A7D267 /* Sources/WGSplitApp/AppModel.swift */; };
		B64DD6D00B18439C63FDA3D6 /* Sources/wgsplitd/main.swift in Sources */ = {isa = PBXBuildFile; fileRef = 7A6DC627C9FF8837F64A0D88 /* Sources/wgsplitd/main.swift */; };
		BA333AE7C3058DBC94F90A90 /* Sources/WGSplitKit/StateStore.swift in Sources */ = {isa = PBXBuildFile; fileRef = 925735650E569C821C88C650 /* Sources/WGSplitKit/StateStore.swift */; };
		BC76859A6E73D91F1DC7D552 /* Sources/WGSplitKit/ClashClient.swift in Sources */ = {isa = PBXBuildFile; fileRef = 5DA8AF1D11D705E04A896F19 /* Sources/WGSplitKit/ClashClient.swift */; };
		C145835F545965E12ECF51EE /* Sources/WGSplitKit/OrphanReaper.swift in Sources */ = {isa = PBXBuildFile; fileRef = 902C0F1DDD811E26A400F47A /* Sources/WGSplitKit/OrphanReaper.swift */; };
		C6E9BD37A7B664F190CB79F4 /* Sources/WGSplitKit/RuleCompiler.swift in Sources */ = {isa = PBXBuildFile; fileRef = E0C9C8685D34C719F543B46E /* Sources/WGSplitKit/RuleCompiler.swift */; };
		CCF8738F9E4ED2E6D2719A73 /* Sources/WGSplitKit/WGQuickParser.swift in Sources */ = {isa = PBXBuildFile; fileRef = E3063FDF9544ED16563D9D4F /* Sources/WGSplitKit/WGQuickParser.swift */; };
		D9081BF4637E39E9C9DBF27F /* libWGSplitKit.a in Frameworks */ = {isa = PBXBuildFile; fileRef = 8669B0D84834957DEA449E03 /* libWGSplitKit.a */; };
		D940401B67759DE343B15143 /* Sources/WGSplitKit/Models.swift in Sources */ = {isa = PBXBuildFile; fileRef = 6438C620D2D7653308A89E3B /* Sources/WGSplitKit/Models.swift */; };
		E396D52B03955F8CB42C20DC /* Sources/WGSplitApp/RoutesSettings.swift in Sources */ = {isa = PBXBuildFile; fileRef = 8E0D0E7F07C4B6F06EB178CA /* Sources/WGSplitApp/RoutesSettings.swift */; };
		E616A82E455F4D2B33FC7499 /* Sources/WGSplitKit/SocketServer.swift in Sources */ = {isa = PBXBuildFile; fileRef = 079FD9539B8A6DB68B5066B3 /* Sources/WGSplitKit/SocketServer.swift */; };
/* End PBXBuildFile section */

/* Begin PBXContainerItemProxy section */
		4F171CFA3052D51F00A43739 /* PBXContainerItemProxy */ = {
			isa = PBXContainerItemProxy;
			containerPortal = 98F54143AB4E86B28C3AFEE0 /* Project object */;
			proxyType = 1;
			remoteGlobalIDString = AF8242E763F0C8A9EF50E016;
			remoteInfo = WGSplitKit;
		};
		4F171CFB3052D51F00A43739 /* PBXContainerItemProxy */ = {
			isa = PBXContainerItemProxy;
			containerPortal = 98F54143AB4E86B28C3AFEE0 /* Project object */;
			proxyType = 1;
			remoteGlobalIDString = C40AF78FDF1AC039F0F3B287;
			remoteInfo = wgsplitd;
		};
		4F171CFC3052D51F00A43739 /* PBXContainerItemProxy */ = {
			isa = PBXContainerItemProxy;
			containerPortal = 98F54143AB4E86B28C3AFEE0 /* Project object */;
			proxyType = 1;
			remoteGlobalIDString = AF8242E763F0C8A9EF50E016;
			remoteInfo = WGSplitKit;
		};
/* End PBXContainerItemProxy section */

/* Begin PBXCopyFilesBuildPhase section */
		99BAE1AA52D937ADFE62F405 /* Embed Daemon */ = {
			isa = PBXCopyFilesBuildPhase;
			buildActionMask = 2147483647;
			dstPath = "";
			dstSubfolderSpec = 7;
			files = (
				87157F6B91C52C94795470D4 /* wgsplitd in Embed Daemon */,
			);
			name = "Embed Daemon";
			runOnlyForDeploymentPostprocessing = 0;
		};
/* End PBXCopyFilesBuildPhase section */

/* Begin PBXFileReference section */
		079FD9539B8A6DB68B5066B3 /* Sources/WGSplitKit/SocketServer.swift */ = {isa = PBXFileReference; lastKnownFileType = sourcecode.swift; path = Sources/WGSplitKit/SocketServer.swift; sourceTree = "<group>"; };
		0988E0B68FE2A1E7EBE222FA /* Scripts/co.niteo.wgsplit.plist */ = {isa = PBXFileReference; lastKnownFileType = text.plist.xml; path = Scripts/co.niteo.wgsplit.plist; sourceTree = "<group>"; };
		124B13AD3D7903F42D5B663C /* WGSplit.app */ = {isa = PBXFileReference; explicitFileType = wrapper.application; path = WGSplit.app; sourceTree = BUILT_PRODUCTS_DIR; };
		255EF0FF9E7BD30D67ABE121 /* Sources/WGSplitKit/Health.swift */ = {isa = PBXFileReference; lastKnownFileType = sourcecode.swift; path = Sources/WGSplitKit/Health.swift; sourceTree = "<group>"; };
		3A5D7F2B450022A3C8A7D267 /* Sources/WGSplitApp/AppModel.swift */ = {isa = PBXFileReference; lastKnownFileType = sourcecode.swift; path = Sources/WGSplitApp/AppModel.swift; sourceTree = "<group>"; };
		4545F5318A0046043187F2EB /* Resources/Assets.xcassets */ = {isa = PBXFileReference; lastKnownFileType = folder.assetcatalog; path = Resources/Assets.xcassets; sourceTree = "<group>"; };
		49355010A52A4C62E8A815C0 /* wgsplitd */ = {isa = PBXFileReference; explicitFileType = "compiled.mach-o.executable"; path = wgsplitd; sourceTree = BUILT_PRODUCTS_DIR; };
		5DA8AF1D11D705E04A896F19 /* Sources/WGSplitKit/ClashClient.swift */ = {isa = PBXFileReference; lastKnownFileType = sourcecode.swift; path = Sources/WGSplitKit/ClashClient.swift; sourceTree = "<group>"; };
		6438C620D2D7653308A89E3B /* Sources/WGSplitKit/Models.swift */ = {isa = PBXFileReference; lastKnownFileType = sourcecode.swift; path = Sources/WGSplitKit/Models.swift; sourceTree = "<group>"; };
		675EF739410071020D8C1958 /* Sources/WGSplitKit/ZipReader.swift */ = {isa = PBXFileReference; lastKnownFileType = sourcecode.swift; path = Sources/WGSplitKit/ZipReader.swift; sourceTree = "<group>"; };
		7414624399E8D8C84ED8FF4C /* Sources/WGSplitApp/LoginItem.swift */ = {isa = PBXFileReference; lastKnownFileType = sourcecode.swift; path = Sources/WGSplitApp/LoginItem.swift; sourceTree = "<group>"; };
		7A6DC627C9FF8837F64A0D88 /* Sources/wgsplitd/main.swift */ = {isa = PBXFileReference; lastKnownFileType = sourcecode.swift; path = Sources/wgsplitd/main.swift; sourceTree = "<group>"; };
		8167AFCA812DDC8456E09917 /* Sources/WGSplitKit/ControlProtocol.swift */ = {isa = PBXFileReference; lastKnownFileType = sourcecode.swift; path = Sources/WGSplitKit/ControlProtocol.swift; sourceTree = "<group>"; };
		8669B0D84834957DEA449E03 /* libWGSplitKit.a */ = {isa = PBXFileReference; explicitFileType = archive.ar; path = libWGSplitKit.a; sourceTree = BUILT_PRODUCTS_DIR; };
		8E0D0E7F07C4B6F06EB178CA /* Sources/WGSplitApp/RoutesSettings.swift */ = {isa = PBXFileReference; lastKnownFileType = sourcecode.swift; path = Sources/WGSplitApp/RoutesSettings.swift; sourceTree = "<group>"; };
		902C0F1DDD811E26A400F47A /* Sources/WGSplitKit/OrphanReaper.swift */ = {isa = PBXFileReference; lastKnownFileType = sourcecode.swift; path = Sources/WGSplitKit/OrphanReaper.swift; sourceTree = "<group>"; };
		925735650E569C821C88C650 /* Sources/WGSplitKit/StateStore.swift */ = {isa = PBXFileReference; lastKnownFileType = sourcecode.swift; path = Sources/WGSplitKit/StateStore.swift; sourceTree = "<group>"; };
		95484BD9FFFED471A0B44D88 /* Sources/WGSplitApp/SettingsView.swift */ = {isa = PBXFileReference; lastKnownFileType = sourcecode.swift; path = Sources/WGSplitApp/SettingsView.swift; sourceTree = "<group>"; };
		9575E6C0AD7EFFA46ECB5DB4 /* Sources/WGSplitApp/WGSplitApp.swift */ = {isa = PBXFileReference; lastKnownFileType = sourcecode.swift; path = Sources/WGSplitApp/WGSplitApp.swift; sourceTree = "<group>"; };
		969E728FC8ED0F223FA5B2EB /* Sources/WGSplitKit/ControlClient.swift */ = {isa = PBXFileReference; lastKnownFileType = sourcecode.swift; path = Sources/WGSplitKit/ControlClient.swift; sourceTree = "<group>"; };
		9C14B40039F93978AD4BE7F0 /* Sources/WGSplitKit/ProcessRunner.swift */ = {isa = PBXFileReference; lastKnownFileType = sourcecode.swift; path = Sources/WGSplitKit/ProcessRunner.swift; sourceTree = "<group>"; };
		A84E4FAF382D61847C0D3963 /* Scripts/install-daemon.sh */ = {isa = PBXFileReference; lastKnownFileType = text.script.sh; path = "Scripts/install-daemon.sh"; sourceTree = "<group>"; };
		BBDFA4586FC274FDA3D06515 /* Sources/WGSplitApp/SelfUpdater.swift */ = {isa = PBXFileReference; lastKnownFileType = sourcecode.swift; path = Sources/WGSplitApp/SelfUpdater.swift; sourceTree = "<group>"; };
		BD9D33F2BB744675A898294F /* Sources/WGSplitKit/TunnelTraffic.swift */ = {isa = PBXFileReference; lastKnownFileType = sourcecode.swift; path = Sources/WGSplitKit/TunnelTraffic.swift; sourceTree = "<group>"; };
		C14193DFD185ECE03DFE1EF8 /* Sources/WGSplitKit/ConfigGenerator.swift */ = {isa = PBXFileReference; lastKnownFileType = sourcecode.swift; path = Sources/WGSplitKit/ConfigGenerator.swift; sourceTree = "<group>"; };
		C2833E8380EE87434469F770 /* Sources/WGSplitKit/TunnelImporter.swift */ = {isa = PBXFileReference; lastKnownFileType = sourcecode.swift; path = Sources/WGSplitKit/TunnelImporter.swift; sourceTree = "<group>"; };
		C3D4652D05EEA2E98247EC4F /* Sources/WGSplitKit/Supervisor.swift */ = {isa = PBXFileReference; lastKnownFileType = sourcecode.swift; path = Sources/WGSplitKit/Supervisor.swift; sourceTree = "<group>"; };
		C749228A2381D39CA6EBC254 /* Sources/WGSplitKit/UnixSocket.swift */ = {isa = PBXFileReference; lastKnownFileType = sourcecode.swift; path = Sources/WGSplitKit/UnixSocket.swift; sourceTree = "<group>"; };
		E0C9C8685D34C719F543B46E /* Sources/WGSplitKit/RuleCompiler.swift */ = {isa = PBXFileReference; lastKnownFileType = sourcecode.swift; path = Sources/WGSplitKit/RuleCompiler.swift; sourceTree = "<group>"; };
		E3063FDF9544ED16563D9D4F /* Sources/WGSplitKit/WGQuickParser.swift */ = {isa = PBXFileReference; lastKnownFileType = sourcecode.swift; path = Sources/WGSplitKit/WGQuickParser.swift; sourceTree = "<group>"; };
		FB0FCF75137FADC3F0F872E8 /* Sources/WGSplitApp/DaemonInstaller.swift */ = {isa = PBXFileReference; lastKnownFileType = sourcecode.swift; path = Sources/WGSplitApp/DaemonInstaller.swift; sourceTree = "<group>"; };
/* End PBXFileReference section */

/* Begin PBXFrameworksBuildPhase section */
		037237A2505FC4A7CEAAA622 /* Frameworks */ = {
			isa = PBXFrameworksBuildPhase;
			buildActionMask = 2147483647;
			files = (
				D9081BF4637E39E9C9DBF27F /* libWGSplitKit.a in Frameworks */,
			);
			runOnlyForDeploymentPostprocessing = 0;
		};
		9ED129ABD084016659612389 /* Frameworks */ = {
			isa = PBXFrameworksBuildPhase;
			buildActionMask = 2147483647;
			files = (
				705E8441925ED71C13DFECDF /* libWGSplitKit.a in Frameworks */,
			);
			runOnlyForDeploymentPostprocessing = 0;
		};
		DBAF735552ED556F3A28FD4B /* Frameworks */ = {
			isa = PBXFrameworksBuildPhase;
			buildActionMask = 2147483647;
			files = (
			);
			runOnlyForDeploymentPostprocessing = 0;
		};
/* End PBXFrameworksBuildPhase section */

/* Begin PBXGroup section */
		B28B7AF69320201D1CF206EB = {
			isa = PBXGroup;
			children = (
				5DA8AF1D11D705E04A896F19 /* Sources/WGSplitKit/ClashClient.swift */,
				C14193DFD185ECE03DFE1EF8 /* Sources/WGSplitKit/ConfigGenerator.swift */,
				969E728FC8ED0F223FA5B2EB /* Sources/WGSplitKit/ControlClient.swift */,
				8167AFCA812DDC8456E09917 /* Sources/WGSplitKit/ControlProtocol.swift */,
				255EF0FF9E7BD30D67ABE121 /* Sources/WGSplitKit/Health.swift */,
				6438C620D2D7653308A89E3B /* Sources/WGSplitKit/Models.swift */,
				902C0F1DDD811E26A400F47A /* Sources/WGSplitKit/OrphanReaper.swift */,
				9C14B40039F93978AD4BE7F0 /* Sources/WGSplitKit/ProcessRunner.swift */,
				E0C9C8685D34C719F543B46E /* Sources/WGSplitKit/RuleCompiler.swift */,
				079FD9539B8A6DB68B5066B3 /* Sources/WGSplitKit/SocketServer.swift */,
				925735650E569C821C88C650 /* Sources/WGSplitKit/StateStore.swift */,
				C3D4652D05EEA2E98247EC4F /* Sources/WGSplitKit/Supervisor.swift */,
				C2833E8380EE87434469F770 /* Sources/WGSplitKit/TunnelImporter.swift */,
				BD9D33F2BB744675A898294F /* Sources/WGSplitKit/TunnelTraffic.swift */,
				C749228A2381D39CA6EBC254 /* Sources/WGSplitKit/UnixSocket.swift */,
				E3063FDF9544ED16563D9D4F /* Sources/WGSplitKit/WGQuickParser.swift */,
				675EF739410071020D8C1958 /* Sources/WGSplitKit/ZipReader.swift */,
				7A6DC627C9FF8837F64A0D88 /* Sources/wgsplitd/main.swift */,
				3A5D7F2B450022A3C8A7D267 /* Sources/WGSplitApp/AppModel.swift */,
				FB0FCF75137FADC3F0F872E8 /* Sources/WGSplitApp/DaemonInstaller.swift */,
				7414624399E8D8C84ED8FF4C /* Sources/WGSplitApp/LoginItem.swift */,
				8E0D0E7F07C4B6F06EB178CA /* Sources/WGSplitApp/RoutesSettings.swift */,
				BBDFA4586FC274FDA3D06515 /* Sources/WGSplitApp/SelfUpdater.swift */,
				95484BD9FFFED471A0B44D88 /* Sources/WGSplitApp/SettingsView.swift */,
				9575E6C0AD7EFFA46ECB5DB4 /* Sources/WGSplitApp/WGSplitApp.swift */,
				4545F5318A0046043187F2EB /* Resources/Assets.xcassets */,
				A84E4FAF382D61847C0D3963 /* Scripts/install-daemon.sh */,
				0988E0B68FE2A1E7EBE222FA /* Scripts/co.niteo.wgsplit.plist */,
				FBDC4F23F93125BBEEAE800C /* Products */,
			);
			sourceTree = "<group>";
		};
		FBDC4F23F93125BBEEAE800C /* Products */ = {
			isa = PBXGroup;
			children = (
				8669B0D84834957DEA449E03 /* libWGSplitKit.a */,
				49355010A52A4C62E8A815C0 /* wgsplitd */,
				124B13AD3D7903F42D5B663C /* WGSplit.app */,
			);
			name = Products;
			sourceTree = "<group>";
		};
/* End PBXGroup section */

/* Begin PBXNativeTarget section */
		2A98276000EDE09E955D3B10 /* WGSplit */ = {
			isa = PBXNativeTarget;
			buildConfigurationList = 0E539F7D471B66BAB20DB554 /* Build configuration list for PBXNativeTarget "WGSplit" */;
			buildPhases = (
				8A6DC9A83957DD5571713769 /* Sources */,
				9ED129ABD084016659612389 /* Frameworks */,
				0189424A5A60FED329FA868E /* Resources */,
				99BAE1AA52D937ADFE62F405 /* Embed Daemon */,
				C64033672F5CA984DFE96290 /* Embed and Sign Engine */,
			);
			buildRules = (
			);
			dependencies = (
				1CAA28A899F20442B9BC1209 /* PBXTargetDependency */,
				B5DCAFD75EC924A7A5000201 /* PBXTargetDependency */,
			);
			name = WGSplit;
			productName = WGSplit;
			productReference = 124B13AD3D7903F42D5B663C /* WGSplit.app */;
			productType = "com.apple.product-type.application";
		};
		AF8242E763F0C8A9EF50E016 /* WGSplitKit */ = {
			isa = PBXNativeTarget;
			buildConfigurationList = B98097FBDEDF11E913195B07 /* Build configuration list for PBXNativeTarget "WGSplitKit" */;
			buildPhases = (
				B45310C724D3531E13870AB0 /* Sources */,
				DBAF735552ED556F3A28FD4B /* Frameworks */,
			);
			buildRules = (
			);
			dependencies = (
			);
			name = WGSplitKit;
			productName = WGSplitKit;
			productReference = 8669B0D84834957DEA449E03 /* libWGSplitKit.a */;
			productType = "com.apple.product-type.library.static";
		};
		C40AF78FDF1AC039F0F3B287 /* wgsplitd */ = {
			isa = PBXNativeTarget;
			buildConfigurationList = 56E6B448D93705F3AA2558D9 /* Build configuration list for PBXNativeTarget "wgsplitd" */;
			buildPhases = (
				1B8325263180C2C1BC5A8519 /* Sources */,
				037237A2505FC4A7CEAAA622 /* Frameworks */,
			);
			buildRules = (
			);
			dependencies = (
				CB916D45E160F7A185E14CA4 /* PBXTargetDependency */,
			);
			name = wgsplitd;
			productName = wgsplitd;
			productReference = 49355010A52A4C62E8A815C0 /* wgsplitd */;
			productType = "com.apple.product-type.tool";
		};
/* End PBXNativeTarget section */

/* Begin PBXProject section */
		98F54143AB4E86B28C3AFEE0 /* Project object */ = {
			isa = PBXProject;
			attributes = {
				BuildIndependentTargetsInParallel = YES;
				LastUpgradeCheck = 1600;
			};
			buildConfigurationList = 862894B703A6DEDF96A9DD6C /* Build configuration list for PBXProject "WGSplit" */;
			compatibilityVersion = "Xcode 14.0";
			developmentRegion = en;
			hasScannedForEncodings = 0;
			knownRegions = (
				en,
				Base,
			);
			mainGroup = B28B7AF69320201D1CF206EB;
			productRefGroup = FBDC4F23F93125BBEEAE800C /* Products */;
			projectDirPath = "";
			projectRoot = "";
			targets = (
				AF8242E763F0C8A9EF50E016 /* WGSplitKit */,
				C40AF78FDF1AC039F0F3B287 /* wgsplitd */,
				2A98276000EDE09E955D3B10 /* WGSplit */,
			);
		};
/* End PBXProject section */

/* Begin PBXResourcesBuildPhase section */
		0189424A5A60FED329FA868E /* Resources */ = {
			isa = PBXResourcesBuildPhase;
			buildActionMask = 2147483647;
			files = (
				9DBDD6B471C2805D675DA34D /* Resources/Assets.xcassets in Resources */,
				31BD9D9CDC334BBD6E3471D5 /* Scripts/install-daemon.sh in Resources */,
				64B692C9C63585DC30324CEF /* Scripts/co.niteo.wgsplit.plist in Resources */,
			);
			runOnlyForDeploymentPostprocessing = 0;
		};
/* End PBXResourcesBuildPhase section */

/* Begin PBXShellScriptBuildPhase section */
		C64033672F5CA984DFE96290 /* Embed and Sign Engine */ = {
			isa = PBXShellScriptBuildPhase;
			buildActionMask = 2147483647;
			files = (
			);
			inputPaths = (
				"$(SRCROOT)/Resources/sing-box",
			);
			name = "Embed and Sign Engine";
			outputPaths = (
				"$(TARGET_BUILD_DIR)/$(UNLOCALIZED_RESOURCES_FOLDER_PATH)/sing-box",
			);
			runOnlyForDeploymentPostprocessing = 0;
			shellPath = /bin/bash;
			shellScript = "set -euo pipefail\nengine=\"$SRCROOT/Resources/sing-box\"\nif [ ! -x \"$engine\" ]; then\n  echo \"error: Run make singbox in the project folder before building.\"\n  exit 1\nfi\ndest=\"$TARGET_BUILD_DIR/$UNLOCALIZED_RESOURCES_FOLDER_PATH/sing-box\"\ncp \"$engine\" \"$dest\"\nchmod u+w \"$dest\"\nif [ \"${CODE_SIGNING_ALLOWED:-YES}\" != \"NO\" ]; then\n  /usr/bin/codesign --force --options runtime --sign \"${EXPANDED_CODE_SIGN_IDENTITY:--}\" \"$dest\"\nfi\n";
		};
/* End PBXShellScriptBuildPhase section */

/* Begin PBXSourcesBuildPhase section */
		1B8325263180C2C1BC5A8519 /* Sources */ = {
			isa = PBXSourcesBuildPhase;
			buildActionMask = 2147483647;
			files = (
				B64DD6D00B18439C63FDA3D6 /* Sources/wgsplitd/main.swift in Sources */,
			);
			runOnlyForDeploymentPostprocessing = 0;
		};
		8A6DC9A83957DD5571713769 /* Sources */ = {
			isa = PBXSourcesBuildPhase;
			buildActionMask = 2147483647;
			files = (
				ACC5CA0702684643CD65AB82 /* Sources/WGSplitApp/AppModel.swift in Sources */,
				017492BBD2A48BCCF154032A /* Sources/WGSplitApp/DaemonInstaller.swift in Sources */,
				64068FC0AD596D6CE68E7BCB /* Sources/WGSplitApp/LoginItem.swift in Sources */,
				E396D52B03955F8CB42C20DC /* Sources/WGSplitApp/RoutesSettings.swift in Sources */,
				70ACDE933AF4B3CDC48F628A /* Sources/WGSplitApp/SelfUpdater.swift in Sources */,
				2E03A13BFA2F63C70449BE03 /* Sources/WGSplitApp/SettingsView.swift in Sources */,
				AA52CE4F352003225D15303F /* Sources/WGSplitApp/WGSplitApp.swift in Sources */,
			);
			runOnlyForDeploymentPostprocessing = 0;
		};
		B45310C724D3531E13870AB0 /* Sources */ = {
			isa = PBXSourcesBuildPhase;
			buildActionMask = 2147483647;
			files = (
				BC76859A6E73D91F1DC7D552 /* Sources/WGSplitKit/ClashClient.swift in Sources */,
				3860883096B0CF9AF9E883E8 /* Sources/WGSplitKit/ConfigGenerator.swift in Sources */,
				41DE263DAB53BD3FA3BA03B5 /* Sources/WGSplitKit/ControlClient.swift in Sources */,
				02FB6085E4B627BC002F54B2 /* Sources/WGSplitKit/ControlProtocol.swift in Sources */,
				3A261B06C50D0B862869395F /* Sources/WGSplitKit/Health.swift in Sources */,
				D940401B67759DE343B15143 /* Sources/WGSplitKit/Models.swift in Sources */,
				C145835F545965E12ECF51EE /* Sources/WGSplitKit/OrphanReaper.swift in Sources */,
				686010B3C230CECFD7213BCA /* Sources/WGSplitKit/ProcessRunner.swift in Sources */,
				C6E9BD37A7B664F190CB79F4 /* Sources/WGSplitKit/RuleCompiler.swift in Sources */,
				E616A82E455F4D2B33FC7499 /* Sources/WGSplitKit/SocketServer.swift in Sources */,
				BA333AE7C3058DBC94F90A90 /* Sources/WGSplitKit/StateStore.swift in Sources */,
				88AC2901B80C3851DC56D21F /* Sources/WGSplitKit/Supervisor.swift in Sources */,
				5EA14BF7D99805AC874B9BBA /* Sources/WGSplitKit/TunnelImporter.swift in Sources */,
				28C0707241B7947EB635530D /* Sources/WGSplitKit/TunnelTraffic.swift in Sources */,
				04B1BAD33DF29791B80B43CD /* Sources/WGSplitKit/UnixSocket.swift in Sources */,
				CCF8738F9E4ED2E6D2719A73 /* Sources/WGSplitKit/WGQuickParser.swift in Sources */,
				5A9A5E0A1AA8BFF2B0289F0E /* Sources/WGSplitKit/ZipReader.swift in Sources */,
			);
			runOnlyForDeploymentPostprocessing = 0;
		};
/* End PBXSourcesBuildPhase section */

/* Begin PBXTargetDependency section */
		1CAA28A899F20442B9BC1209 /* PBXTargetDependency */ = {
			isa = PBXTargetDependency;
			target = AF8242E763F0C8A9EF50E016 /* WGSplitKit */;
			targetProxy = 4F171CFA3052D51F00A43739 /* PBXContainerItemProxy */;
		};
		B5DCAFD75EC924A7A5000201 /* PBXTargetDependency */ = {
			isa = PBXTargetDependency;
			target = C40AF78FDF1AC039F0F3B287 /* wgsplitd */;
			targetProxy = 4F171CFB3052D51F00A43739 /* PBXContainerItemProxy */;
		};
		CB916D45E160F7A185E14CA4 /* PBXTargetDependency */ = {
			isa = PBXTargetDependency;
			target = AF8242E763F0C8A9EF50E016 /* WGSplitKit */;
			targetProxy = 4F171CFC3052D51F00A43739 /* PBXContainerItemProxy */;
		};
/* End PBXTargetDependency section */

/* Begin XCBuildConfiguration section */
		1AF991506683C1B1B4F00F71 /* Debug */ = {
			isa = XCBuildConfiguration;
			buildSettings = {
				ASSETCATALOG_COMPILER_APPICON_NAME = AppIcon;
				"CODE_SIGN_IDENTITY[sdk=macosx*]" = "Apple Development";
				CODE_SIGN_STYLE = Automatic;
				CURRENT_PROJECT_VERSION = 1;
				DEBUG_INFORMATION_FORMAT = dwarf;
				DEVELOPMENT_TEAM = PM784W7B8X;
				ENABLE_APP_SANDBOX = NO;
				ENABLE_HARDENED_RUNTIME = YES;
				GENERATE_INFOPLIST_FILE = YES;
				INFOPLIST_KEY_CFBundleDisplayName = WGSplit;
				INFOPLIST_KEY_LSUIElement = YES;
				MARKETING_VERSION = 0.1.0;
				PRODUCT_BUNDLE_IDENTIFIER = co.niteo.wgsplit.app;
				PRODUCT_NAME = WGSplit;
				SKIP_INSTALL = NO;
				SWIFT_ACTIVE_COMPILATION_CONDITIONS = DEBUG;
				SWIFT_OPTIMIZATION_LEVEL = "-Onone";
				SWIFT_VERSION = 5.0;
			};
			name = Debug;
		};
		3B958F5CA51CEF5C510B5DD5 /* Debug */ = {
			isa = XCBuildConfiguration;
			buildSettings = {
				CODE_SIGNING_ALLOWED = NO;
				CODE_SIGN_STYLE = Automatic;
				DEBUG_INFORMATION_FORMAT = dwarf;
				DEFINES_MODULE = YES;
				ENABLE_HARDENED_RUNTIME = YES;
				PRODUCT_MODULE_NAME = WGSplitKit;
				PRODUCT_NAME = WGSplitKit;
				SKIP_INSTALL = YES;
				SWIFT_ACTIVE_COMPILATION_CONDITIONS = DEBUG;
				SWIFT_OPTIMIZATION_LEVEL = "-Onone";
				SWIFT_VERSION = 5.0;
			};
			name = Debug;
		};
		6782238DA4130751B101D282 /* Release */ = {
			isa = XCBuildConfiguration;
			buildSettings = {
				CODE_SIGN_STYLE = Automatic;
				DEBUG_INFORMATION_FORMAT = "dwarf-with-dsym";
				DEVELOPMENT_TEAM = PM784W7B8X;
				ENABLE_HARDENED_RUNTIME = YES;
				PRODUCT_NAME = wgsplitd;
				SKIP_INSTALL = YES;
				SWIFT_OPTIMIZATION_LEVEL = "-O";
				SWIFT_VERSION = 5.0;
			};
			name = Release;
		};
		890A5F3C054A18EC3483C473 /* Release */ = {
			isa = XCBuildConfiguration;
			buildSettings = {
				ASSETCATALOG_COMPILER_APPICON_NAME = AppIcon;
				"CODE_SIGN_IDENTITY[sdk=macosx*]" = "Apple Development";
				CODE_SIGN_STYLE = Automatic;
				CURRENT_PROJECT_VERSION = 1;
				DEBUG_INFORMATION_FORMAT = "dwarf-with-dsym";
				DEVELOPMENT_TEAM = PM784W7B8X;
				ENABLE_APP_SANDBOX = NO;
				ENABLE_HARDENED_RUNTIME = YES;
				GENERATE_INFOPLIST_FILE = YES;
				INFOPLIST_KEY_CFBundleDisplayName = WGSplit;
				INFOPLIST_KEY_LSUIElement = YES;
				MARKETING_VERSION = 0.1.0;
				PRODUCT_BUNDLE_IDENTIFIER = co.niteo.wgsplit.app;
				PRODUCT_NAME = WGSplit;
				SKIP_INSTALL = NO;
				SWIFT_OPTIMIZATION_LEVEL = "-O";
				SWIFT_VERSION = 5.0;
			};
			name = Release;
		};
		89E1FD6268CC0F221A2BE178 /* Debug */ = {
			isa = XCBuildConfiguration;
			buildSettings = {
				CLANG_ENABLE_MODULES = YES;
				DEBUG_INFORMATION_FORMAT = dwarf;
				ENABLE_USER_SCRIPT_SANDBOXING = NO;
				MACOSX_DEPLOYMENT_TARGET = 14.0;
				SDKROOT = macosx;
				SWIFT_ACTIVE_COMPILATION_CONDITIONS = DEBUG;
				SWIFT_OPTIMIZATION_LEVEL = "-Onone";
				SWIFT_VERSION = 5.0;
			};
			name = Debug;
		};
		9954F718AC50805ECDE46088 /* Release */ = {
			isa = XCBuildConfiguration;
			buildSettings = {
				CODE_SIGNING_ALLOWED = NO;
				CODE_SIGN_STYLE = Automatic;
				DEBUG_INFORMATION_FORMAT = "dwarf-with-dsym";
				DEFINES_MODULE = YES;
				ENABLE_HARDENED_RUNTIME = YES;
				PRODUCT_MODULE_NAME = WGSplitKit;
				PRODUCT_NAME = WGSplitKit;
				SKIP_INSTALL = YES;
				SWIFT_OPTIMIZATION_LEVEL = "-O";
				SWIFT_VERSION = 5.0;
			};
			name = Release;
		};
		BE521A269414523E193A796A /* Debug */ = {
			isa = XCBuildConfiguration;
			buildSettings = {
				CODE_SIGN_STYLE = Automatic;
				DEBUG_INFORMATION_FORMAT = dwarf;
				DEVELOPMENT_TEAM = PM784W7B8X;
				ENABLE_HARDENED_RUNTIME = YES;
				PRODUCT_NAME = wgsplitd;
				SKIP_INSTALL = YES;
				SWIFT_ACTIVE_COMPILATION_CONDITIONS = DEBUG;
				SWIFT_OPTIMIZATION_LEVEL = "-Onone";
				SWIFT_VERSION = 5.0;
			};
			name = Debug;
		};
		E6DE6C99132752C914FEF632 /* Release */ = {
			isa = XCBuildConfiguration;
			buildSettings = {
				CLANG_ENABLE_MODULES = YES;
				DEBUG_INFORMATION_FORMAT = "dwarf-with-dsym";
				ENABLE_USER_SCRIPT_SANDBOXING = NO;
				MACOSX_DEPLOYMENT_TARGET = 14.0;
				SDKROOT = macosx;
				SWIFT_OPTIMIZATION_LEVEL = "-O";
				SWIFT_VERSION = 5.0;
			};
			name = Release;
		};
/* End XCBuildConfiguration section */

/* Begin XCConfigurationList section */
		0E539F7D471B66BAB20DB554 /* Build configuration list for PBXNativeTarget "WGSplit" */ = {
			isa = XCConfigurationList;
			buildConfigurations = (
				1AF991506683C1B1B4F00F71 /* Debug */,
				890A5F3C054A18EC3483C473 /* Release */,
			);
			defaultConfigurationIsVisible = 0;
			defaultConfigurationName = Release;
		};
		56E6B448D93705F3AA2558D9 /* Build configuration list for PBXNativeTarget "wgsplitd" */ = {
			isa = XCConfigurationList;
			buildConfigurations = (
				BE521A269414523E193A796A /* Debug */,
				6782238DA4130751B101D282 /* Release */,
			);
			defaultConfigurationIsVisible = 0;
			defaultConfigurationName = Release;
		};
		862894B703A6DEDF96A9DD6C /* Build configuration list for PBXProject "WGSplit" */ = {
			isa = XCConfigurationList;
			buildConfigurations = (
				89E1FD6268CC0F221A2BE178 /* Debug */,
				E6DE6C99132752C914FEF632 /* Release */,
			);
			defaultConfigurationIsVisible = 0;
			defaultConfigurationName = Release;
		};
		B98097FBDEDF11E913195B07 /* Build configuration list for PBXNativeTarget "WGSplitKit" */ = {
			isa = XCConfigurationList;
			buildConfigurations = (
				3B958F5CA51CEF5C510B5DD5 /* Debug */,
				9954F718AC50805ECDE46088 /* Release */,
			);
			defaultConfigurationIsVisible = 0;
			defaultConfigurationName = Release;
		};
/* End XCConfigurationList section */
	};
	rootObject = 98F54143AB4E86B28C3AFEE0 /* Project object */;
}
